
Microsoft Visual Studio Solution File, Format Version 12.00
# Visual Studio Version 17
VisualStudioVersion = 17.0.32112.339
MinimumVisualStudioVersion = 10.0.40219.1
Project("{9A19103F-16F7-4668-BE54-9A1E7A4F7556}") = "P01 Data Types", "P01 Data Types\P01 Data Types.csproj", "{E3AAA07A-94F4-4B12-A1C6-1279E04E1237}"
EndProject
Project("{9A19103F-16F7-4668-BE54-9A1E7A4F7556}") = "P02 Center Point", "P02 Center Point\P02 Center Point.csproj", "{508EA842-6028-49E8-959D-7447A568CE94}"
EndProject
Project("{9A19103F-16F7-4668-BE54-9A1E7A4F7556}") = "P03 Longer Line", "P03 Longer Line\P03 Longer Line.csproj", "{CE354C95-E364-4A71-A0D8-4BD278883CB6}"
EndProject
Project("{FAE04EC0-301F-11D3-BF4B-00C04F79EFBC}") = "P04 Tribonacci Sequence", "P04 Tribonacci Sequence\P04 Tribonacci Sequence.csproj", "{5EED5D24-3A41-483B-90DF-FACB923057CE}"
EndProject
Project("{FAE04EC0-301F-11D3-BF4B-00C04F79EFBC}") = "P05 Multiplication Sign", "P05 Multiplication Sign\P05 Multiplication Sign.csproj", "{8A7652E2-8716-4D64-A857-E28EA1114ECC}"
EndProject
Global
	GlobalSection(SolutionConfigurationPlatforms) = preSolution
		Debug|Any CPU = Debug|Any CPU
		Release|Any CPU = Release|Any CPU
	EndGlobalSection
	GlobalSection(ProjectConfigurationPlatforms) = postSolution
		{E3AAA07A-94F4-4B12-A1C6-1279E04E1237}.Debug|Any CPU.ActiveCfg = Debug|Any CPU
		{E3AAA07A-94F4-4B12-A1C6-1279E04E1237}.Debug|Any CPU.Build.0 = Debug|Any CPU
		{E3AAA07A-94F4-4B12-A1C6-1279E04E1237}.Release|Any CPU.ActiveCfg = Release|Any CPU
		{E3AAA07A-94F4-4B12-A1C6-1279E04E1237}.Release|Any CPU.Build.0 = Release|Any CPU
		{508EA842-6028-49E8-959D-7447A568CE94}.Debug|Any CPU.ActiveCfg = Debug|Any CPU
		{508EA842-6028-49E8-959D-7447A568CE94}.Debug|Any CPU.Build.0 = Debug|Any CPU
		{508EA842-6028-49E8-959D-7447A568CE94}.Release|Any CPU.ActiveCfg = Release|Any CPU
		{508EA842-6028-49E8-959D-7447A568CE94}.Release|Any CPU.Build.0 = Release|Any CPU
		{CE354C95-E364-4A71-A0D8-4BD278883CB6}.Debug|Any CPU.ActiveCfg = Debug|Any CPU
		{CE354C95-E364-4A71-A0D8-4BD278883CB6}.Debug|Any CPU.Build.0 = Debug|Any CPU
		{CE354C95-E364-4A71-A0D8-4BD278883CB6}.Release|Any CPU.ActiveCfg = Release|Any CPU
		{CE354C95-E364-4A71-A0D8-4BD278883CB6}.Release|Any CPU.Build.0 = Release|Any CPU
		{5EED5D24-3A41-483B-90DF-FACB923057CE}.Debug|Any CPU.ActiveCfg = Debug|Any CPU
		{5EED5D24-3A41-483B-90DF-FACB923057CE}.Debug|Any CPU.Build.0 = Debug|Any CPU
		{5EED5D24-3A41-483B-90DF-FACB923057CE}.Release|Any CPU.ActiveCfg = Release|Any CPU
		{5EED5D24-3A41-483B-90DF-FACB923057CE}.Release|Any CPU.Build.0 = Release|Any CPU
		{8A7652E2-8716-4D64-A857-E28EA1114ECC}.Debug|Any CPU.ActiveCfg = Debug|Any CPU
		{8A7652E2-8716-4D64-A857-E28EA1114ECC}.Debug|Any CPU.Build.0 = Debug|Any CPU
		{8A7652E2-8716-4D64-A857-E28EA1114ECC}.Release|Any CPU.ActiveCfg = Release|Any CPU
		{8A7652E2-8716-4D64-A857-E28EA1114ECC}.Release|Any CPU.Build.0 = Release|Any CPU
	EndGlobalSection
	GlobalSection(SolutionProperties) = preSolution
		HideSolutionNode = FALSE
	EndGlobalSection
	GlobalSection(ExtensibilityGlobals) = postSolution
		SolutionGuid = {D5DAAF94-4F63-4E26-8AF6-5FD557C9478F}
	EndGlobalSection
EndGlobal
